
Microsoft Visual Studio Solution File, Format Version 12.00
# Visual Studio 15
VisualStudioVersion = 15.0.28307.539
MinimumVisualStudioVersion = 10.0.40219.1
Project("{FAE04EC0-301F-11D3-BF4B-00C04F79EFBC}") = "shecluded", "shecluded\shecluded.csproj", "{EF10F209-9A6F-4519-88F3-1497945E49D8}"
EndProject
Project("{2150E333-8FDC-42A3-9474-1A3956D46DE8}") = "Solution Items", "Solution Items", "{EC470C46-7212-47B7-AC59-05FA5EF715C1}"
EndProject
Global
	GlobalSection(SolutionConfigurationPlatforms) = preSolution
		Debug|Any CPU = Debug|Any CPU
		Release|Any CPU = Release|Any CPU
	EndGlobalSection
	GlobalSection(ProjectConfigurationPlatforms) = postSolution
		{EF10F209-9A6F-4519-88F3-1497945E49D8}.Debug|Any CPU.ActiveCfg = Debug|Any CPU
		{EF10F209-9A6F-4519-88F3-1497945E49D8}.Debug|Any CPU.Build.0 = Debug|Any CPU
		{EF10F209-9A6F-4519-88F3-1497945E49D8}.Release|Any CPU.ActiveCfg = Release|Any CPU
		{EF10F209-9A6F-4519-88F3-1497945E49D8}.Release|Any CPU.Build.0 = Release|Any CPU
	EndGlobalSection
	GlobalSection(SolutionProperties) = preSolution
		HideSolutionNode = FALSE
	EndGlobalSection
	GlobalSection(ExtensibilityGlobals) = postSolution
		SolutionGuid = {49BBC7E1-4A12-43F2-864B-A5B4FB9D364A}
	EndGlobalSection
EndGlobal
